
Microsoft Visual Studio Solution File, Format Version 12.00
# Visual Studio 15
Project("{FAE04EC0-301F-11D3-BF4B-00C04F79EFBC}") = "PluginContent", "PluginContent.csproj", "{C497F597-55B3-069B-A155-744EF348D03A}"
EndProject
Project("{FAE04EC0-301F-11D3-BF4B-00C04F79EFBC}") = "EasyButtons", "EasyButtons.csproj", "{FDEA2E93-504C-AEE5-52B7-1E1EFB210116}"
EndProject
Project("{FAE04EC0-301F-11D3-BF4B-00C04F79EFBC}") = "EasyButtons.Editor", "EasyButtons.Editor.csproj", "{B839F89E-46FC-71C0-CC28-A24EE662AA84}"
EndProject
Global
	GlobalSection(SolutionConfigurationPlatforms) = preSolution
		Debug|Any CPU = Debug|Any CPU
		Release|Any CPU = Release|Any CPU
	EndGlobalSection
	GlobalSection(ProjectConfigurationPlatforms) = postSolution
		{C497F597-55B3-069B-A155-744EF348D03A}.Debug|Any CPU.ActiveCfg = Debug|Any CPU
		{C497F597-55B3-069B-A155-744EF348D03A}.Debug|Any CPU.Build.0 = Debug|Any CPU
		{C497F597-55B3-069B-A155-744EF348D03A}.Release|Any CPU.ActiveCfg = Release|Any CPU
		{C497F597-55B3-069B-A155-744EF348D03A}.Release|Any CPU.Build.0 = Release|Any CPU
		{FDEA2E93-504C-AEE5-52B7-1E1EFB210116}.Debug|Any CPU.ActiveCfg = Debug|Any CPU
		{FDEA2E93-504C-AEE5-52B7-1E1EFB210116}.Debug|Any CPU.Build.0 = Debug|Any CPU
		{FDEA2E93-504C-AEE5-52B7-1E1EFB210116}.Release|Any CPU.ActiveCfg = Release|Any CPU
		{FDEA2E93-504C-AEE5-52B7-1E1EFB210116}.Release|Any CPU.Build.0 = Release|Any CPU
		{B839F89E-46FC-71C0-CC28-A24EE662AA84}.Debug|Any CPU.ActiveCfg = Debug|Any CPU
		{B839F89E-46FC-71C0-CC28-A24EE662AA84}.Debug|Any CPU.Build.0 = Debug|Any CPU
		{B839F89E-46FC-71C0-CC28-A24EE662AA84}.Release|Any CPU.ActiveCfg = Release|Any CPU
		{B839F89E-46FC-71C0-CC28-A24EE662AA84}.Release|Any CPU.Build.0 = Release|Any CPU
	EndGlobalSection
	GlobalSection(SolutionProperties) = preSolution
		HideSolutionNode = FALSE
	EndGlobalSection
EndGlobal
